
Microsoft Visual Studio Solution File, Format Version 12.00
# Visual Studio 15
VisualStudioVersion = 15.0.26730.16
MinimumVisualStudioVersion = 10.0.40219.1
Project("{FAE04EC0-301F-11D3-BF4B-00C04F79EFBC}") = "DecodeAndDecryptProblem", "DecodeAndDecryptProblem\DecodeAndDecryptProblem.csproj", "{BEACEA9F-9F5E-4A92-BAD6-C639E3300CD6}"
EndProject
Global
	GlobalSection(SolutionConfigurationPlatforms) = preSolution
		Debug|Any CPU = Debug|Any CPU
		Release|Any CPU = Release|Any CPU
	EndGlobalSection
	GlobalSection(ProjectConfigurationPlatforms) = postSolution
		{BEACEA9F-9F5E-4A92-BAD6-C639E3300CD6}.Debug|Any CPU.ActiveCfg = Debug|Any CPU
		{BEACEA9F-9F5E-4A92-BAD6-C639E3300CD6}.Debug|Any CPU.Build.0 = Debug|Any CPU
		{BEACEA9F-9F5E-4A92-BAD6-C639E3300CD6}.Release|Any CPU.ActiveCfg = Release|Any CPU
		{BEACEA9F-9F5E-4A92-BAD6-C639E3300CD6}.Release|Any CPU.Build.0 = Release|Any CPU
	EndGlobalSection
	GlobalSection(SolutionProperties) = preSolution
		HideSolutionNode = FALSE
	EndGlobalSection
	GlobalSection(ExtensibilityGlobals) = postSolution
		SolutionGuid = {B03223D3-8909-4E39-9278-3BEA2EC2359D}
	EndGlobalSection
EndGlobal
