
Microsoft Visual Studio Solution File, Format Version 12.00
# Visual Studio 15
VisualStudioVersion = 15.0.26730.16
MinimumVisualStudioVersion = 10.0.40219.1
Project("{FAE04EC0-301F-11D3-BF4B-00C04F79EFBC}") = "SomeExceptions", "Exceptions\SomeExceptions.csproj", "{6FFB3F53-90C0-493E-8C8E-6AC13756BFF2}"
EndProject
Global
	GlobalSection(SolutionConfigurationPlatforms) = preSolution
		Debug|Any CPU = Debug|Any CPU
		Release|Any CPU = Release|Any CPU
	EndGlobalSection
	GlobalSection(ProjectConfigurationPlatforms) = postSolution
		{6FFB3F53-90C0-493E-8C8E-6AC13756BFF2}.Debug|Any CPU.ActiveCfg = Debug|Any CPU
		{6FFB3F53-90C0-493E-8C8E-6AC13756BFF2}.Debug|Any CPU.Build.0 = Debug|Any CPU
		{6FFB3F53-90C0-493E-8C8E-6AC13756BFF2}.Release|Any CPU.ActiveCfg = Release|Any CPU
		{6FFB3F53-90C0-493E-8C8E-6AC13756BFF2}.Release|Any CPU.Build.0 = Release|Any CPU
	EndGlobalSection
	GlobalSection(SolutionProperties) = preSolution
		HideSolutionNode = FALSE
	EndGlobalSection
	GlobalSection(ExtensibilityGlobals) = postSolution
		SolutionGuid = {ACBFFD10-0D78-4BB3-9879-B8E3B3FA68C0}
	EndGlobalSection
EndGlobal
