
Microsoft Visual Studio Solution File, Format Version 12.00
# Visual Studio 15
VisualStudioVersion = 15.0.26730.16
MinimumVisualStudioVersion = 10.0.40219.1
Project("{FAE04EC0-301F-11D3-BF4B-00C04F79EFBC}") = "BildingStrings", "BildingStrings\BildingStrings.csproj", "{900727A5-F67A-4A01-9914-ADFB518D1749}"
EndProject
Global
	GlobalSection(SolutionConfigurationPlatforms) = preSolution
		Debug|Any CPU = Debug|Any CPU
		Release|Any CPU = Release|Any CPU
	EndGlobalSection
	GlobalSection(ProjectConfigurationPlatforms) = postSolution
		{900727A5-F67A-4A01-9914-ADFB518D1749}.Debug|Any CPU.ActiveCfg = Debug|Any CPU
		{900727A5-F67A-4A01-9914-ADFB518D1749}.Debug|Any CPU.Build.0 = Debug|Any CPU
		{900727A5-F67A-4A01-9914-ADFB518D1749}.Release|Any CPU.ActiveCfg = Release|Any CPU
		{900727A5-F67A-4A01-9914-ADFB518D1749}.Release|Any CPU.Build.0 = Release|Any CPU
	EndGlobalSection
	GlobalSection(SolutionProperties) = preSolution
		HideSolutionNode = FALSE
	EndGlobalSection
	GlobalSection(ExtensibilityGlobals) = postSolution
		SolutionGuid = {109FAFDC-3197-4548-B478-DD8AEBE1DF3F}
	EndGlobalSection
EndGlobal
