
Microsoft Visual Studio Solution File, Format Version 12.00
# Visual Studio 15
VisualStudioVersion = 15.0.26730.16
MinimumVisualStudioVersion = 10.0.40219.1
Project("{FAE04EC0-301F-11D3-BF4B-00C04F79EFBC}") = "Messages", "Messages\Messages.csproj", "{3F01544C-F934-4054-B4F3-AC70A987CAA1}"
EndProject
Global
	GlobalSection(SolutionConfigurationPlatforms) = preSolution
		Debug|Any CPU = Debug|Any CPU
		Release|Any CPU = Release|Any CPU
	EndGlobalSection
	GlobalSection(ProjectConfigurationPlatforms) = postSolution
		{3F01544C-F934-4054-B4F3-AC70A987CAA1}.Debug|Any CPU.ActiveCfg = Debug|Any CPU
		{3F01544C-F934-4054-B4F3-AC70A987CAA1}.Debug|Any CPU.Build.0 = Debug|Any CPU
		{3F01544C-F934-4054-B4F3-AC70A987CAA1}.Release|Any CPU.ActiveCfg = Release|Any CPU
		{3F01544C-F934-4054-B4F3-AC70A987CAA1}.Release|Any CPU.Build.0 = Release|Any CPU
	EndGlobalSection
	GlobalSection(SolutionProperties) = preSolution
		HideSolutionNode = FALSE
	EndGlobalSection
	GlobalSection(ExtensibilityGlobals) = postSolution
		SolutionGuid = {64976DA9-8702-4EB4-B8E6-0F4D39E57E84}
	EndGlobalSection
EndGlobal
